
Microsoft Visual Studio Solution File, Format Version 12.00
Project("{FAE04EC0-301F-11D3-BF4B-00C04F79EFBC}") = "OS.Class.Pjkt.One", "OS.Class.Pjkt.One\OS.Class.Pjkt.One.csproj", "{146B435F-ABE6-4C7B-A7A8-A7FA29630DD5}"
EndProject
Global
	GlobalSection(SolutionConfigurationPlatforms) = preSolution
		Debug|Any CPU = Debug|Any CPU
		Release|Any CPU = Release|Any CPU
	EndGlobalSection
	GlobalSection(ProjectConfigurationPlatforms) = postSolution
		{146B435F-ABE6-4C7B-A7A8-A7FA29630DD5}.Debug|Any CPU.ActiveCfg = Debug|Any CPU
		{146B435F-ABE6-4C7B-A7A8-A7FA29630DD5}.Debug|Any CPU.Build.0 = Debug|Any CPU
		{146B435F-ABE6-4C7B-A7A8-A7FA29630DD5}.Release|Any CPU.ActiveCfg = Release|Any CPU
		{146B435F-ABE6-4C7B-A7A8-A7FA29630DD5}.Release|Any CPU.Build.0 = Release|Any CPU
	EndGlobalSection
EndGlobal
